
Microsoft Visual Studio Solution File, Format Version 12.00
# Visual Studio Version 17
VisualStudioVersion = 17.4.33122.133
MinimumVisualStudioVersion = 10.0.40219.1
Project("{FAE04EC0-301F-11D3-BF4B-00C04F79EFBC}") = "Game_BattleShip", "Game_BattleShip\Game_BattleShip.csproj", "{78DCD471-E6BB-4416-9EE0-09D8E0727824}"
EndProject
Global
	GlobalSection(SolutionConfigurationPlatforms) = preSolution
		Debug|Any CPU = Debug|Any CPU
		Release|Any CPU = Release|Any CPU
	EndGlobalSection
	GlobalSection(ProjectConfigurationPlatforms) = postSolution
		{78DCD471-E6BB-4416-9EE0-09D8E0727824}.Debug|Any CPU.ActiveCfg = Debug|Any CPU
		{78DCD471-E6BB-4416-9EE0-09D8E0727824}.Debug|Any CPU.Build.0 = Debug|Any CPU
		{78DCD471-E6BB-4416-9EE0-09D8E0727824}.Release|Any CPU.ActiveCfg = Release|Any CPU
		{78DCD471-E6BB-4416-9EE0-09D8E0727824}.Release|Any CPU.Build.0 = Release|Any CPU
	EndGlobalSection
	GlobalSection(SolutionProperties) = preSolution
		HideSolutionNode = FALSE
	EndGlobalSection
	GlobalSection(ExtensibilityGlobals) = postSolution
		SolutionGuid = {A362D720-9617-44BB-8795-888B2658026D}
	EndGlobalSection
EndGlobal
